// !$*UTF8*$!
{
	archiveVersion = 1;
	classes = {
	};
	objectVersion = 46;
	objects = {

/* Begin PBXBuildFile section */
		BFEE22EB1C16449500C8FF94 /* main.m in Sources */ = {isa = PBXBuildFile; fileRef = BFEE22EA1C16449500C8FF94 /* main.m */; };
		BFEE22EE1C16449500C8FF94 /* AppDelegate.m in Sources */ = {isa = PBXBuildFile; fileRef = BFEE22ED1C16449500C8FF94 /* AppDelegate.m */; };
		BFEE22F41C16449500C8FF94 /* Main.storyboard in Resources */ = {isa = PBXBuildFile; fileRef = BFEE22F21C16449500C8FF94 /* Main.storyboard */; };
		BFEE22F71C16449500C8FF94 /* MyStackOverflowClient.xcdatamodeld in Sources */ = {isa = PBXBuildFile; fileRef = BFEE22F51C16449500C8FF94 /* MyStackOverflowClient.xcdatamodeld */; };
		BFEE22F91C16449500C8FF94 /* Assets.xcassets in Resources */ = {isa = PBXBuildFile; fileRef = BFEE22F81C16449500C8FF94 /* Assets.xcassets */; };
		BFEE22FC1C16449500C8FF94 /* LaunchScreen.storyboard in Resources */ = {isa = PBXBuildFile; fileRef = BFEE22FA1C16449500C8FF94 /* LaunchScreen.storyboard */; };
		BFEE23071C16449500C8FF94 /* MyStackOverflowClientTests.m in Sources */ = {isa = PBXBuildFile; fileRef = BFEE23061C16449500C8FF94 /* MyStackOverflowClientTests.m */; };
		BFEE23121C16449500C8FF94 /* MyStackOverflowClientUITests.m in Sources */ = {isa = PBXBuildFile; fileRef = BFEE23111C16449500C8FF94 /* MyStackOverflowClientUITests.m */; };
		BFEE232E1C164C2D00C8FF94 /* OAuthWebViewController.m in Sources */ = {isa = PBXBuildFile; fileRef = BFEE232D1C164C2D00C8FF94 /* OAuthWebViewController.m */; };
		BFEE23321C16586100C8FF94 /* MenuContainerViewController.m in Sources */ = {isa = PBXBuildFile; fileRef = BFEE23311C16586100C8FF94 /* MenuContainerViewController.m */; };
		BFEE233C1C165BA300C8FF94 /* MyProfileViewController.m in Sources */ = {isa = PBXBuildFile; fileRef = BFEE23361C165BA300C8FF94 /* MyProfileViewController.m */; };
		BFEE233D1C165BA300C8FF94 /* MyQuestionsViewController.m in Sources */ = {isa = PBXBuildFile; fileRef = BFEE23381C165BA300C8FF94 /* MyQuestionsViewController.m */; };
		BFEE233E1C165BA300C8FF94 /* QuestionSearchViewController.m in Sources */ = {isa = PBXBuildFile; fileRef = BFEE233A1C165BA300C8FF94 /* QuestionSearchViewController.m */; };
		BFEE23411C16697000C8FF94 /* Error.m in Sources */ = {isa = PBXBuildFile; fileRef = BFEE23401C16697000C8FF94 /* Error.m */; };
		BFEE23451C1684E200C8FF94 /* MenuTableViewController.m in Sources */ = {isa = PBXBuildFile; fileRef = BFEE23441C1684E200C8FF94 /* MenuTableViewController.m */; };
/* End PBXBuildFile section */

/* Begin PBXContainerItemProxy section */
		BFEE23031C16449500C8FF94 /* PBXContainerItemProxy */ = {
			isa = PBXContainerItemProxy;
			containerPortal = BFEE22DE1C16449500C8FF94 /* Project object */;
			proxyType = 1;
			remoteGlobalIDString = BFEE22E51C16449500C8FF94;
			remoteInfo = MyStackOverflowClient;
		};
		BFEE230E1C16449500C8FF94 /* PBXContainerItemProxy */ = {
			isa = PBXContainerItemProxy;
			containerPortal = BFEE22DE1C16449500C8FF94 /* Project object */;
			proxyType = 1;
			remoteGlobalIDString = BFEE22E51C16449500C8FF94;
			remoteInfo = MyStackOverflowClient;
		};
/* End PBXContainerItemProxy section */

/* Begin PBXFileReference section */
		BFEE22E61C16449500C8FF94 /* MyStackOverflowClient.app */ = {isa = PBXFileReference; explicitFileType = wrapper.application; includeInIndex = 0; path = MyStackOverflowClient.app; sourceTree = BUILT_PRODUCTS_DIR; };
		BFEE22EA1C16449500C8FF94 /* main.m */ = {isa = PBXFileReference; lastKnownFileType = sourcecode.c.objc; path = main.m; sourceTree = "<group>"; };
		BFEE22EC1C16449500C8FF94 /* AppDelegate.h */ = {isa = PBXFileReference; lastKnownFileType = sourcecode.c.h; path = AppDelegate.h; sourceTree = "<group>"; };
		BFEE22ED1C16449500C8FF94 /* AppDelegate.m */ = {isa = PBXFileReference; lastKnownFileType = sourcecode.c.objc; path = AppDelegate.m; sourceTree = "<group>"; };
		BFEE22F31C16449500C8FF94 /* Base */ = {isa = PBXFileReference; lastKnownFileType = file.storyboard; name = Base; path = Base.lproj/Main.storyboard; sourceTree = "<group>"; };
		BFEE22F61C16449500C8FF94 /* MyStackOverflowClient.xcdatamodel */ = {isa = PBXFileReference; lastKnownFileType = wrapper.xcdatamodel; path = MyStackOverflowClient.xcdatamodel; sourceTree = "<group>"; };
		BFEE22F81C16449500C8FF94 /* Assets.xcassets */ = {isa = PBXFileReference; lastKnownFileType = folder.assetcatalog; path = Assets.xcassets; sourceTree = "<group>"; };
		BFEE22FB1C16449500C8FF94 /* Base */ = {isa = PBXFileReference; lastKnownFileType = file.storyboard; name = Base; path = Base.lproj/LaunchScreen.storyboard; sourceTree = "<group>"; };
		BFEE22FD1C16449500C8FF94 /* Info.plist */ = {isa = PBXFileReference; lastKnownFileType = text.plist.xml; path = Info.plist; sourceTree = "<group>"; };
		BFEE23021C16449500C8FF94 /* MyStackOverflowClientTests.xctest */ = {isa = PBXFileReference; explicitFileType = wrapper.cfbundle; includeInIndex = 0; path = MyStackOverflowClientTests.xctest; sourceTree = BUILT_PRODUCTS_DIR; };
		BFEE23061C16449500C8FF94 /* MyStackOverflowClientTests.m */ = {isa = PBXFileReference; lastKnownFileType = sourcecode.c.objc; path = MyStackOverflowClientTests.m; sourceTree = "<group>"; };
		BFEE23081C16449500C8FF94 /* Info.plist */ = {isa = PBXFileReference; lastKnownFileType = text.plist.xml; path = Info.plist; sourceTree = "<group>"; };
		BFEE230D1C16449500C8FF94 /* MyStackOverflowClientUITests.xctest */ = {isa = PBXFileReference; explicitFileType = wrapper.cfbundle; includeInIndex = 0; path = MyStackOverflowClientUITests.xctest; sourceTree = BUILT_PRODUCTS_DIR; };
		BFEE23111C16449500C8FF94 /* MyStackOverflowClientUITests.m */ = {isa = PBXFileReference; lastKnownFileType = sourcecode.c.objc; path = MyStackOverflowClientUITests.m; sourceTree = "<group>"; };
		BFEE23131C16449500C8FF94 /* Info.plist */ = {isa = PBXFileReference; lastKnownFileType = text.plist.xml; path = Info.plist; sourceTree = "<group>"; };
		BFEE232C1C164C2D00C8FF94 /* OAuthWebViewController.h */ = {isa = PBXFileReference; fileEncoding = 4; lastKnownFileType = sourcecode.c.h; name = OAuthWebViewController.h; path = ../OAuthWebViewController.h; sourceTree = "<group>"; };
		BFEE232D1C164C2D00C8FF94 /* OAuthWebViewController.m */ = {isa = PBXFileReference; fileEncoding = 4; lastKnownFileType = sourcecode.c.objc; name = OAuthWebViewController.m; path = ../OAuthWebViewController.m; sourceTree = "<group>"; };
		BFEE23301C16586100C8FF94 /* MenuContainerViewController.h */ = {isa = PBXFileReference; fileEncoding = 4; lastKnownFileType = sourcecode.c.h; path = MenuContainerViewController.h; sourceTree = "<group>"; };
		BFEE23311C16586100C8FF94 /* MenuContainerViewController.m */ = {isa = PBXFileReference; fileEncoding = 4; lastKnownFileType = sourcecode.c.objc; path = MenuContainerViewController.m; sourceTree = "<group>"; };
		BFEE23351C165BA300C8FF94 /* MyProfileViewController.h */ = {isa = PBXFileReference; fileEncoding = 4; lastKnownFileType = sourcecode.c.h; path = MyProfileViewController.h; sourceTree = "<group>"; };
		BFEE23361C165BA300C8FF94 /* MyProfileViewController.m */ = {isa = PBXFileReference; fileEncoding = 4; lastKnownFileType = sourcecode.c.objc; path = MyProfileViewController.m; sourceTree = "<group>"; };
		BFEE23371C165BA300C8FF94 /* MyQuestionsViewController.h */ = {isa = PBXFileReference; fileEncoding = 4; lastKnownFileType = sourcecode.c.h; path = MyQuestionsViewController.h; sourceTree = "<group>"; };
		BFEE23381C165BA300C8FF94 /* MyQuestionsViewController.m */ = {isa = PBXFileReference; fileEncoding = 4; lastKnownFileType = sourcecode.c.objc; path = MyQuestionsViewController.m; sourceTree = "<group>"; };
		BFEE23391C165BA300C8FF94 /* QuestionSearchViewController.h */ = {isa = PBXFileReference; fileEncoding = 4; lastKnownFileType = sourcecode.c.h; path = QuestionSearchViewController.h; sourceTree = "<group>"; };
		BFEE233A1C165BA300C8FF94 /* QuestionSearchViewController.m */ = {isa = PBXFileReference; fileEncoding = 4; lastKnownFileType = sourcecode.c.objc; path = QuestionSearchViewController.m; sourceTree = "<group>"; };
		BFEE233F1C16697000C8FF94 /* Error.h */ = {isa = PBXFileReference; fileEncoding = 4; lastKnownFileType = sourcecode.c.h; path = Error.h; sourceTree = "<group>"; };
		BFEE23401C16697000C8FF94 /* Error.m */ = {isa = PBXFileReference; fileEncoding = 4; lastKnownFileType = sourcecode.c.objc; path = Error.m; sourceTree = "<group>"; };
		BFEE23431C1684E200C8FF94 /* MenuTableViewController.h */ = {isa = PBXFileReference; fileEncoding = 4; lastKnownFileType = sourcecode.c.h; path = MenuTableViewController.h; sourceTree = "<group>"; };
		BFEE23441C1684E200C8FF94 /* MenuTableViewController.m */ = {isa = PBXFileReference; fileEncoding = 4; lastKnownFileType = sourcecode.c.objc; path = MenuTableViewController.m; sourceTree = "<group>"; };
/* End PBXFileReference section */

/* Begin PBXFrameworksBuildPhase section */
		BFEE22E31C16449500C8FF94 /* Frameworks */ = {
			isa = PBXFrameworksBuildPhase;
			buildActionMask = 2147483647;
			files = (
			);
			runOnlyForDeploymentPostprocessing = 0;
		};
		BFEE22FF1C16449500C8FF94 /* Frameworks */ = {
			isa = PBXFrameworksBuildPhase;
			buildActionMask = 2147483647;
			files = (
			);
			runOnlyForDeploymentPostprocessing = 0;
		};
		BFEE230A1C16449500C8FF94 /* Frameworks */ = {
			isa = PBXFrameworksBuildPhase;
			buildActionMask = 2147483647;
			files = (
			);
			runOnlyForDeploymentPostprocessing = 0;
		};
/* End PBXFrameworksBuildPhase section */

/* Begin PBXGroup section */
		BFEE22DD1C16449500C8FF94 = {
			isa = PBXGroup;
			children = (
				BFEE22E81C16449500C8FF94 /* MyStackOverflowClient */,
				BFEE23051C16449500C8FF94 /* MyStackOverflowClientTests */,
				BFEE23101C16449500C8FF94 /* MyStackOverflowClientUITests */,
				BFEE22E71C16449500C8FF94 /* Products */,
			);
			sourceTree = "<group>";
		};
		BFEE22E71C16449500C8FF94 /* Products */ = {
			isa = PBXGroup;
			children = (
				BFEE22E61C16449500C8FF94 /* MyStackOverflowClient.app */,
				BFEE23021C16449500C8FF94 /* MyStackOverflowClientTests.xctest */,
				BFEE230D1C16449500C8FF94 /* MyStackOverflowClientUITests.xctest */,
			);
			name = Products;
			sourceTree = "<group>";
		};
		BFEE22E81C16449500C8FF94 /* MyStackOverflowClient */ = {
			isa = PBXGroup;
			children = (
				BFEE22EC1C16449500C8FF94 /* AppDelegate.h */,
				BFEE22ED1C16449500C8FF94 /* AppDelegate.m */,
				BFEE232F1C16581000C8FF94 /* Controllers */,
				BFEE22F21C16449500C8FF94 /* Main.storyboard */,
				BFEE22F81C16449500C8FF94 /* Assets.xcassets */,
				BFEE22FA1C16449500C8FF94 /* LaunchScreen.storyboard */,
				BFEE22FD1C16449500C8FF94 /* Info.plist */,
				BFEE22F51C16449500C8FF94 /* MyStackOverflowClient.xcdatamodeld */,
				BFEE22E91C16449500C8FF94 /* Supporting Files */,
			);
			path = MyStackOverflowClient;
			sourceTree = "<group>";
		};
		BFEE22E91C16449500C8FF94 /* Supporting Files */ = {
			isa = PBXGroup;
			children = (
				BFEE23421C166A7600C8FF94 /* Error */,
				BFEE22EA1C16449500C8FF94 /* main.m */,
			);
			name = "Supporting Files";
			sourceTree = "<group>";
		};
		BFEE23051C16449500C8FF94 /* MyStackOverflowClientTests */ = {
			isa = PBXGroup;
			children = (
				BFEE23061C16449500C8FF94 /* MyStackOverflowClientTests.m */,
				BFEE23081C16449500C8FF94 /* Info.plist */,
			);
			path = MyStackOverflowClientTests;
			sourceTree = "<group>";
		};
		BFEE23101C16449500C8FF94 /* MyStackOverflowClientUITests */ = {
			isa = PBXGroup;
			children = (
				BFEE23111C16449500C8FF94 /* MyStackOverflowClientUITests.m */,
				BFEE23131C16449500C8FF94 /* Info.plist */,
			);
			path = MyStackOverflowClientUITests;
			sourceTree = "<group>";
		};
		BFEE232F1C16581000C8FF94 /* Controllers */ = {
			isa = PBXGroup;
			children = (
				BFEE23331C16586A00C8FF94 /* ContainerViewController */,
				BFEE23431C1684E200C8FF94 /* MenuTableViewController.h */,
				BFEE23441C1684E200C8FF94 /* MenuTableViewController.m */,
				BFEE232C1C164C2D00C8FF94 /* OAuthWebViewController.h */,
				BFEE232D1C164C2D00C8FF94 /* OAuthWebViewController.m */,
				BFEE23391C165BA300C8FF94 /* QuestionSearchViewController.h */,
				BFEE233A1C165BA300C8FF94 /* QuestionSearchViewController.m */,
				BFEE23351C165BA300C8FF94 /* MyProfileViewController.h */,
				BFEE23361C165BA300C8FF94 /* MyProfileViewController.m */,
				BFEE23371C165BA300C8FF94 /* MyQuestionsViewController.h */,
				BFEE23381C165BA300C8FF94 /* MyQuestionsViewController.m */,
			);
			name = Controllers;
			sourceTree = "<group>";
		};
		BFEE23331C16586A00C8FF94 /* ContainerViewController */ = {
			isa = PBXGroup;
			children = (
				BFEE23301C16586100C8FF94 /* MenuContainerViewController.h */,
				BFEE23311C16586100C8FF94 /* MenuContainerViewController.m */,
			);
			name = ContainerViewController;
			sourceTree = "<group>";
		};
		BFEE23421C166A7600C8FF94 /* Error */ = {
			isa = PBXGroup;
			children = (
				BFEE233F1C16697000C8FF94 /* Error.h */,
				BFEE23401C16697000C8FF94 /* Error.m */,
			);
			name = Error;
			sourceTree = "<group>";
		};
/* End PBXGroup section */

/* Begin PBXNativeTarget section */
		BFEE22E51C16449500C8FF94 /* MyStackOverflowClient */ = {
			isa = PBXNativeTarget;
			buildConfigurationList = BFEE23161C16449500C8FF94 /* Build configuration list for PBXNativeTarget "MyStackOverflowClient" */;
			buildPhases = (
				BFEE22E21C16449500C8FF94 /* Sources */,
				BFEE22E31C16449500C8FF94 /* Frameworks */,
				BFEE22E41C16449500C8FF94 /* Resources */,
			);
			buildRules = (
			);
			dependencies = (
			);
			name = MyStackOverflowClient;
			productName = MyStackOverflowClient;
			productReference = BFEE22E61C16449500C8FF94 /* MyStackOverflowClient.app */;
			productType = "com.apple.product-type.application";
		};
		BFEE23011C16449500C8FF94 /* MyStackOverflowClientTests */ = {
			isa = PBXNativeTarget;
			buildConfigurationList = BFEE23191C16449500C8FF94 /* Build configuration list for PBXNativeTarget "MyStackOverflowClientTests" */;
			buildPhases = (
				BFEE22FE1C16449500C8FF94 /* Sources */,
				BFEE22FF1C16449500C8FF94 /* Frameworks */,
				BFEE23001C16449500C8FF94 /* Resources */,
			);
			buildRules = (
			);
			dependencies = (
				BFEE23041C16449500C8FF94 /* PBXTargetDependency */,
			);
			name = MyStackOverflowClientTests;
			productName = MyStackOverflowClientTests;
			productReference = BFEE23021C16449500C8FF94 /* MyStackOverflowClientTests.xctest */;
			productType = "com.apple.product-type.bundle.unit-test";
		};
		BFEE230C1C16449500C8FF94 /* MyStackOverflowClientUITests */ = {
			isa = PBXNativeTarget;
			buildConfigurationList = BFEE231C1C16449500C8FF94 /* Build configuration list for PBXNativeTarget "MyStackOverflowClientUITests" */;
			buildPhases = (
				BFEE23091C16449500C8FF94 /* Sources */,
				BFEE230A1C16449500C8FF94 /* Frameworks */,
				BFEE230B1C16449500C8FF94 /* Resources */,
			);
			buildRules = (
			);
			dependencies = (
				BFEE230F1C16449500C8FF94 /* PBXTargetDependency */,
			);
			name = MyStackOverflowClientUITests;
			productName = MyStackOverflowClientUITests;
			productReference = BFEE230D1C16449500C8FF94 /* MyStackOverflowClientUITests.xctest */;
			productType = "com.apple.product-type.bundle.ui-testing";
		};
/* End PBXNativeTarget section */

/* Begin PBXProject section */
		BFEE22DE1C16449500C8FF94 /* Project object */ = {
			isa = PBXProject;
			attributes = {
				LastUpgradeCheck = 0710;
				ORGANIZATIONNAME = "Alberto Vega Gonzalez";
				TargetAttributes = {
					BFEE22E51C16449500C8FF94 = {
						CreatedOnToolsVersion = 7.1.1;
					};
					BFEE23011C16449500C8FF94 = {
						CreatedOnToolsVersion = 7.1.1;
						TestTargetID = BFEE22E51C16449500C8FF94;
					};
					BFEE230C1C16449500C8FF94 = {
						CreatedOnToolsVersion = 7.1.1;
						TestTargetID = BFEE22E51C16449500C8FF94;
					};
				};
			};
			buildConfigurationList = BFEE22E11C16449500C8FF94 /* Build configuration list for PBXProject "MyStackOverflowClient" */;
			compatibilityVersion = "Xcode 3.2";
			developmentRegion = English;
			hasScannedForEncodings = 0;
			knownRegions = (
				en,
				Base,
			);
			mainGroup = BFEE22DD1C16449500C8FF94;
			productRefGroup = BFEE22E71C16449500C8FF94 /* Products */;
			projectDirPath = "";
			projectRoot = "";
			targets = (
				BFEE22E51C16449500C8FF94 /* MyStackOverflowClient */,
				BFEE23011C16449500C8FF94 /* MyStackOverflowClientTests */,
				BFEE230C1C16449500C8FF94 /* MyStackOverflowClientUITests */,
			);
		};
/* End PBXProject section */

/* Begin PBXResourcesBuildPhase section */
		BFEE22E41C16449500C8FF94 /* Resources */ = {
			isa = PBXResourcesBuildPhase;
			buildActionMask = 2147483647;
			files = (
				BFEE22FC1C16449500C8FF94 /* LaunchScreen.storyboard in Resources */,
				BFEE22F91C16449500C8FF94 /* Assets.xcassets in Resources */,
				BFEE22F41C16449500C8FF94 /* Main.storyboard in Resources */,
			);
			runOnlyForDeploymentPostprocessing = 0;
		};
		BFEE23001C16449500C8FF94 /* Resources */ = {
			isa = PBXResourcesBuildPhase;
			buildActionMask = 2147483647;
			files = (
			);
			runOnlyForDeploymentPostprocessing = 0;
		};
		BFEE230B1C16449500C8FF94 /* Resources */ = {
			isa = PBXResourcesBuildPhase;
			buildActionMask = 2147483647;
			files = (
			);
			runOnlyForDeploymentPostprocessing = 0;
		};
/* End PBXResourcesBuildPhase section */

/* Begin PBXSourcesBuildPhase section */
		BFEE22E21C16449500C8FF94 /* Sources */ = {
			isa = PBXSourcesBuildPhase;
			buildActionMask = 2147483647;
			files = (
				BFEE23411C16697000C8FF94 /* Error.m in Sources */,
				BFEE22F71C16449500C8FF94 /* MyStackOverflowClient.xcdatamodeld in Sources */,
				BFEE22EE1C16449500C8FF94 /* AppDelegate.m in Sources */,
				BFEE233E1C165BA300C8FF94 /* QuestionSearchViewController.m in Sources */,
				BFEE23451C1684E200C8FF94 /* MenuTableViewController.m in Sources */,
				BFEE232E1C164C2D00C8FF94 /* OAuthWebViewController.m in Sources */,
				BFEE233C1C165BA300C8FF94 /* MyProfileViewController.m in Sources */,
				BFEE23321C16586100C8FF94 /* MenuContainerViewController.m in Sources */,
				BFEE233D1C165BA300C8FF94 /* MyQuestionsViewController.m in Sources */,
				BFEE22EB1C16449500C8FF94 /* main.m in Sources */,
			);
			runOnlyForDeploymentPostprocessing = 0;
		};
		BFEE22FE1C16449500C8FF94 /* Sources */ = {
			isa = PBXSourcesBuildPhase;
			buildActionMask = 2147483647;
			files = (
				BFEE23071C16449500C8FF94 /* MyStackOverflowClientTests.m in Sources */,
			);
			runOnlyForDeploymentPostprocessing = 0;
		};
		BFEE23091C16449500C8FF94 /* Sources */ = {
			isa = PBXSourcesBuildPhase;
			buildActionMask = 2147483647;
			files = (
				BFEE23121C16449500C8FF94 /* MyStackOverflowClientUITests.m in Sources */,
			);
			runOnlyForDeploymentPostprocessing = 0;
		};
/* End PBXSourcesBuildPhase section */

/* Begin PBXTargetDependency section */
		BFEE23041C16449500C8FF94 /* PBXTargetDependency */ = {
			isa = PBXTargetDependency;
			target = BFEE22E51C16449500C8FF94 /* MyStackOverflowClient */;
			targetProxy = BFEE23031C16449500C8FF94 /* PBXContainerItemProxy */;
		};
		BFEE230F1C16449500C8FF94 /* PBXTargetDependency */ = {
			isa = PBXTargetDependency;
			target = BFEE22E51C16449500C8FF94 /* MyStackOverflowClient */;
			targetProxy = BFEE230E1C16449500C8FF94 /* PBXContainerItemProxy */;
		};
/* End PBXTargetDependency section */

/* Begin PBXVariantGroup section */
		BFEE22F21C16449500C8FF94 /* Main.storyboard */ = {
			isa = PBXVariantGroup;
			children = (
				BFEE22F31C16449500C8FF94 /* Base */,
			);
			name = Main.storyboard;
			sourceTree = "<group>";
		};
		BFEE22FA1C16449500C8FF94 /* LaunchScreen.storyboard */ = {
			isa = PBXVariantGroup;
			children = (
				BFEE22FB1C16449500C8FF94 /* Base */,
			);
			name = LaunchScreen.storyboard;
			sourceTree = "<group>";
		};
/* End PBXVariantGroup section */

/* Begin XCBuildConfiguration section */
		BFEE23141C16449500C8FF94 /* Debug */ = {
			isa = XCBuildConfiguration;
			buildSettings = {
				ALWAYS_SEARCH_USER_PATHS = NO;
				CLANG_CXX_LANGUAGE_STANDARD = "gnu++0x";
				CLANG_CXX_LIBRARY = "libc++";
				CLANG_ENABLE_MODULES = YES;
				CLANG_ENABLE_OBJC_ARC = YES;
				CLANG_WARN_BOOL_CONVERSION = YES;
				CLANG_WARN_CONSTANT_CONVERSION = YES;
				CLANG_WARN_DIRECT_OBJC_ISA_USAGE = YES_ERROR;
				CLANG_WARN_EMPTY_BODY = YES;
				CLANG_WARN_ENUM_CONVERSION = YES;
				CLANG_WARN_INT_CONVERSION = YES;
				CLANG_WARN_OBJC_ROOT_CLASS = YES_ERROR;
				CLANG_WARN_UNREACHABLE_CODE = YES;
				CLANG_WARN__DUPLICATE_METHOD_MATCH = YES;
				"CODE_SIGN_IDENTITY[sdk=iphoneos*]" = "iPhone Developer";
				COPY_PHASE_STRIP = NO;
				DEBUG_INFORMATION_FORMAT = dwarf;
				ENABLE_STRICT_OBJC_MSGSEND = YES;
				ENABLE_TESTABILITY = YES;
				GCC_C_LANGUAGE_STANDARD = gnu99;
				GCC_DYNAMIC_NO_PIC = NO;
				GCC_NO_COMMON_BLOCKS = YES;
				GCC_OPTIMIZATION_LEVEL = 0;
				GCC_PREPROCESSOR_DEFINITIONS = (
					"DEBUG=1",
					"$(inherited)",
				);
				GCC_WARN_64_TO_32_BIT_CONVERSION = YES;
				GCC_WARN_ABOUT_RETURN_TYPE = YES_ERROR;
				GCC_WARN_UNDECLARED_SELECTOR = YES;
				GCC_WARN_UNINITIALIZED_AUTOS = YES_AGGRESSIVE;
				GCC_WARN_UNUSED_FUNCTION = YES;
				GCC_WARN_UNUSED_VARIABLE = YES;
				IPHONEOS_DEPLOYMENT_TARGET = 9.1;
				MTL_ENABLE_DEBUG_INFO = YES;
				ONLY_ACTIVE_ARCH = YES;
				SDKROOT = iphoneos;
				TARGETED_DEVICE_FAMILY = "1,2";
			};
			name = Debug;
		};
		BFEE23151C16449500C8FF94 /* Release */ = {
			isa = XCBuildConfiguration;
			buildSettings = {
				ALWAYS_SEARCH_USER_PATHS = NO;
				CLANG_CXX_LANGUAGE_STANDARD = "gnu++0x";
				CLANG_CXX_LIBRARY = "libc++";
				CLANG_ENABLE_MODULES = YES;
				CLANG_ENABLE_OBJC_ARC = YES;
				CLANG_WARN_BOOL_CONVERSION = YES;
				CLANG_WARN_CONSTANT_CONVERSION = YES;
				CLANG_WARN_DIRECT_OBJC_ISA_USAGE = YES_ERROR;
				CLANG_WARN_EMPTY_BODY = YES;
				CLANG_WARN_ENUM_CONVERSION = YES;
				CLANG_WARN_INT_CONVERSION = YES;
				CLANG_WARN_OBJC_ROOT_CLASS = YES_ERROR;
				CLANG_WARN_UNREACHABLE_CODE = YES;
				CLANG_WARN__DUPLICATE_METHOD_MATCH = YES;
				"CODE_SIGN_IDENTITY[sdk=iphoneos*]" = "iPhone Developer";
				COPY_PHASE_STRIP = NO;
				DEBUG_INFORMATION_FORMAT = "dwarf-with-dsym";
				ENABLE_NS_ASSERTIONS = NO;
				ENABLE_STRICT_OBJC_MSGSEND = YES;
				GCC_C_LANGUAGE_STANDARD = gnu99;
				GCC_NO_COMMON_BLOCKS = YES;
				GCC_WARN_64_TO_32_BIT_CONVERSION = YES;
				GCC_WARN_ABOUT_RETURN_TYPE = YES_ERROR;
				GCC_WARN_UNDECLARED_SELECTOR = YES;
				GCC_WARN_UNINITIALIZED_AUTOS = YES_AGGRESSIVE;
				GCC_WARN_UNUSED_FUNCTION = YES;
				GCC_WARN_UNUSED_VARIABLE = YES;
				IPHONEOS_DEPLOYMENT_TARGET = 9.1;
				MTL_ENABLE_DEBUG_INFO = NO;
				SDKROOT = iphoneos;
				TARGETED_DEVICE_FAMILY = "1,2";
				VALIDATE_PRODUCT = YES;
			};
			name = Release;
		};
		BFEE23171C16449500C8FF94 /* Debug */ = {
			isa = XCBuildConfiguration;
			buildSettings = {
				ASSETCATALOG_COMPILER_APPICON_NAME = AppIcon;
				INFOPLIST_FILE = MyStackOverflowClient/Info.plist;
				LD_RUNPATH_SEARCH_PATHS = "$(inherited) @executable_path/Frameworks";
				PRODUCT_BUNDLE_IDENTIFIER = com.albertovega.MyStackOverflowClient;
				PRODUCT_NAME = "$(TARGET_NAME)";
			};
			name = Debug;
		};
		BFEE23181C16449500C8FF94 /* Release */ = {
			isa = XCBuildConfiguration;
			buildSettings = {
				ASSETCATALOG_COMPILER_APPICON_NAME = AppIcon;
				INFOPLIST_FILE = MyStackOverflowClient/Info.plist;
				LD_RUNPATH_SEARCH_PATHS = "$(inherited) @executable_path/Frameworks";
				PRODUCT_BUNDLE_IDENTIFIER = com.albertovega.MyStackOverflowClient;
				PRODUCT_NAME = "$(TARGET_NAME)";
			};
			name = Release;
		};
		BFEE231A1C16449500C8FF94 /* Debug */ = {
			isa = XCBuildConfiguration;
			buildSettings = {
				BUNDLE_LOADER = "$(TEST_HOST)";
				INFOPLIST_FILE = MyStackOverflowClientTests/Info.plist;
				LD_RUNPATH_SEARCH_PATHS = "$(inherited) @executable_path/Frameworks @loader_path/Frameworks";
				PRODUCT_BUNDLE_IDENTIFIER = com.albertovega.MyStackOverflowClientTests;
				PRODUCT_NAME = "$(TARGET_NAME)";
				TEST_HOST = "$(BUILT_PRODUCTS_DIR)/MyStackOverflowClient.app/MyStackOverflowClient";
			};
			name = Debug;
		};
		BFEE231B1C16449500C8FF94 /* Release */ = {
			isa = XCBuildConfiguration;
			buildSettings = {
				BUNDLE_LOADER = "$(TEST_HOST)";
				INFOPLIST_FILE = MyStackOverflowClientTests/Info.plist;
				LD_RUNPATH_SEARCH_PATHS = "$(inherited) @executable_path/Frameworks @loader_path/Frameworks";
				PRODUCT_BUNDLE_IDENTIFIER = com.albertovega.MyStackOverflowClientTests;
				PRODUCT_NAME = "$(TARGET_NAME)";
				TEST_HOST = "$(BUILT_PRODUCTS_DIR)/MyStackOverflowClient.app/MyStackOverflowClient";
			};
			name = Release;
		};
		BFEE231D1C16449500C8FF94 /* Debug */ = {
			isa = XCBuildConfiguration;
			buildSettings = {
				INFOPLIST_FILE = MyStackOverflowClientUITests/Info.plist;
				LD_RUNPATH_SEARCH_PATHS = "$(inherited) @executable_path/Frameworks @loader_path/Frameworks";
				PRODUCT_BUNDLE_IDENTIFIER = com.albertovega.MyStackOverflowClientUITests;
				PRODUCT_NAME = "$(TARGET_NAME)";
				TEST_TARGET_NAME = MyStackOverflowClient;
				USES_XCTRUNNER = YES;
			};
			name = Debug;
		};
		BFEE231E1C16449500C8FF94 /* Release */ = {
			isa = XCBuildConfiguration;
			buildSettings = {
				INFOPLIST_FILE = MyStackOverflowClientUITests/Info.plist;
				LD_RUNPATH_SEARCH_PATHS = "$(inherited) @executable_path/Frameworks @loader_path/Frameworks";
				PRODUCT_BUNDLE_IDENTIFIER = com.albertovega.MyStackOverflowClientUITests;
				PRODUCT_NAME = "$(TARGET_NAME)";
				TEST_TARGET_NAME = MyStackOverflowClient;
				USES_XCTRUNNER = YES;
			};
			name = Release;
		};
/* End XCBuildConfiguration section */

/* Begin XCConfigurationList section */
		BFEE22E11C16449500C8FF94 /* Build configuration list for PBXProject "MyStackOverflowClient" */ = {
			isa = XCConfigurationList;
			buildConfigurations = (
				BFEE23141C16449500C8FF94 /* Debug */,
				BFEE23151C16449500C8FF94 /* Release */,
			);
			defaultConfigurationIsVisible = 0;
			defaultConfigurationName = Release;
		};
		BFEE23161C16449500C8FF94 /* Build configuration list for PBXNativeTarget "MyStackOverflowClient" */ = {
			isa = XCConfigurationList;
			buildConfigurations = (
				BFEE23171C16449500C8FF94 /* Debug */,
				BFEE23181C16449500C8FF94 /* Release */,
			);
			defaultConfigurationIsVisible = 0;
			defaultConfigurationName = Release;
		};
		BFEE23191C16449500C8FF94 /* Build configuration list for PBXNativeTarget "MyStackOverflowClientTests" */ = {
			isa = XCConfigurationList;
			buildConfigurations = (
				BFEE231A1C16449500C8FF94 /* Debug */,
				BFEE231B1C16449500C8FF94 /* Release */,
			);
			defaultConfigurationIsVisible = 0;
			defaultConfigurationName = Release;
		};
		BFEE231C1C16449500C8FF94 /* Build configuration list for PBXNativeTarget "MyStackOverflowClientUITests" */ = {
			isa = XCConfigurationList;
			buildConfigurations = (
				BFEE231D1C16449500C8FF94 /* Debug */,
				BFEE231E1C16449500C8FF94 /* Release */,
			);
			defaultConfigurationIsVisible = 0;
			defaultConfigurationName = Release;
		};
/* End XCConfigurationList section */

/* Begin XCVersionGroup section */
		BFEE22F51C16449500C8FF94 /* MyStackOverflowClient.xcdatamodeld */ = {
			isa = XCVersionGroup;
			children = (
				BFEE22F61C16449500C8FF94 /* MyStackOverflowClient.xcdatamodel */,
			);
			currentVersion = BFEE22F61C16449500C8FF94 /* MyStackOverflowClient.xcdatamodel */;
			path = MyStackOverflowClient.xcdatamodeld;
			sourceTree = "<group>";
			versionGroupType = wrapper.xcdatamodel;
		};
/* End XCVersionGroup section */
	};
	rootObject = BFEE22DE1C16449500C8FF94 /* Project object */;
}
